
Microsoft Visual Studio Solution File, Format Version 12.00
# Visual Studio Version 16
VisualStudioVersion = 16.0.31321.278
MinimumVisualStudioVersion = 10.0.40219.1
Project("{9A19103F-16F7-4668-BE54-9A1E7A4F7556}") = "Webmotors.Model", "Webmotors.Model\Webmotors.Model.csproj", "{36AE0FEB-4421-401A-AFBF-3E1BF59CBFDA}"
EndProject
Project("{9A19103F-16F7-4668-BE54-9A1E7A4F7556}") = "Webmotors.Repository", "Webmotors.Repository\Webmotors.Repository.csproj", "{7CC87C60-E0B4-4E13-B589-9A96F35EEA72}"
EndProject
Project("{9A19103F-16F7-4668-BE54-9A1E7A4F7556}") = "webMotors.Services", "webMotors.Services\webMotors.Services.csproj", "{DB2CFEDC-1C68-4534-B5E4-1660F07690ED}"
EndProject
Project("{FAE04EC0-301F-11D3-BF4B-00C04F79EFBC}") = "WebMotors.WebApi", "WebMotors.WebApi\WebMotors.WebApi.csproj", "{B6EE136B-E9BA-495A-9F0D-5249564205FA}"
EndProject
Global
	GlobalSection(SolutionConfigurationPlatforms) = preSolution
		Debug|Any CPU = Debug|Any CPU
		Release|Any CPU = Release|Any CPU
	EndGlobalSection
	GlobalSection(ProjectConfigurationPlatforms) = postSolution
		{36AE0FEB-4421-401A-AFBF-3E1BF59CBFDA}.Debug|Any CPU.ActiveCfg = Debug|Any CPU
		{36AE0FEB-4421-401A-AFBF-3E1BF59CBFDA}.Debug|Any CPU.Build.0 = Debug|Any CPU
		{36AE0FEB-4421-401A-AFBF-3E1BF59CBFDA}.Release|Any CPU.ActiveCfg = Release|Any CPU
		{36AE0FEB-4421-401A-AFBF-3E1BF59CBFDA}.Release|Any CPU.Build.0 = Release|Any CPU
		{7CC87C60-E0B4-4E13-B589-9A96F35EEA72}.Debug|Any CPU.ActiveCfg = Debug|Any CPU
		{7CC87C60-E0B4-4E13-B589-9A96F35EEA72}.Debug|Any CPU.Build.0 = Debug|Any CPU
		{7CC87C60-E0B4-4E13-B589-9A96F35EEA72}.Release|Any CPU.ActiveCfg = Release|Any CPU
		{7CC87C60-E0B4-4E13-B589-9A96F35EEA72}.Release|Any CPU.Build.0 = Release|Any CPU
		{DB2CFEDC-1C68-4534-B5E4-1660F07690ED}.Debug|Any CPU.ActiveCfg = Debug|Any CPU
		{DB2CFEDC-1C68-4534-B5E4-1660F07690ED}.Debug|Any CPU.Build.0 = Debug|Any CPU
		{DB2CFEDC-1C68-4534-B5E4-1660F07690ED}.Release|Any CPU.ActiveCfg = Release|Any CPU
		{DB2CFEDC-1C68-4534-B5E4-1660F07690ED}.Release|Any CPU.Build.0 = Release|Any CPU
		{B6EE136B-E9BA-495A-9F0D-5249564205FA}.Debug|Any CPU.ActiveCfg = Debug|Any CPU
		{B6EE136B-E9BA-495A-9F0D-5249564205FA}.Debug|Any CPU.Build.0 = Debug|Any CPU
		{B6EE136B-E9BA-495A-9F0D-5249564205FA}.Release|Any CPU.ActiveCfg = Release|Any CPU
		{B6EE136B-E9BA-495A-9F0D-5249564205FA}.Release|Any CPU.Build.0 = Release|Any CPU
	EndGlobalSection
	GlobalSection(SolutionProperties) = preSolution
		HideSolutionNode = FALSE
	EndGlobalSection
	GlobalSection(ExtensibilityGlobals) = postSolution
		SolutionGuid = {4D7EA875-6EB4-4E6E-A0FC-8045811EE29C}
	EndGlobalSection
EndGlobal
